// !$*UTF8*$!
{
	archiveVersion = 1;
	classes = {
	};
	objectVersion = 55;
	objects = {

/* Begin PBXBuildFile section */
		1E1146E927E449E000D6FD69 /* AppDelegate.swift in Sources */ = {isa = PBXBuildFile; fileRef = 1E1146E827E449E000D6FD69 /* AppDelegate.swift */; };
		1E1146EB27E449E000D6FD69 /* SceneDelegate.swift in Sources */ = {isa = PBXBuildFile; fileRef = 1E1146EA27E449E000D6FD69 /* SceneDelegate.swift */; };
		1E1146ED27E449E000D6FD69 /* NewsListViewController.swift in Sources */ = {isa = PBXBuildFile; fileRef = 1E1146EC27E449E000D6FD69 /* NewsListViewController.swift */; };
		1E1146F227E449E200D6FD69 /* Assets.xcassets in Resources */ = {isa = PBXBuildFile; fileRef = 1E1146F127E449E200D6FD69 /* Assets.xcassets */; };
		1E1146F527E449E200D6FD69 /* LaunchScreen.storyboard in Resources */ = {isa = PBXBuildFile; fileRef = 1E1146F327E449E200D6FD69 /* LaunchScreen.storyboard */; };
		1E11470027E449E200D6FD69 /* KeywordNewsTests.swift in Sources */ = {isa = PBXBuildFile; fileRef = 1E1146FF27E449E200D6FD69 /* KeywordNewsTests.swift */; };
		1E11470A27E449E200D6FD69 /* KeywordNewsUITests.swift in Sources */ = {isa = PBXBuildFile; fileRef = 1E11470927E449E200D6FD69 /* KeywordNewsUITests.swift */; };
		1E11470C27E449E200D6FD69 /* KeywordNewsUITestsLaunchTests.swift in Sources */ = {isa = PBXBuildFile; fileRef = 1E11470B27E449E200D6FD69 /* KeywordNewsUITestsLaunchTests.swift */; };
		1E11471A27E44A2C00D6FD69 /* SnapKit in Frameworks */ = {isa = PBXBuildFile; productRef = 1E11471927E44A2C00D6FD69 /* SnapKit */; };
		1E11471D27E44A3900D6FD69 /* Alamofire in Frameworks */ = {isa = PBXBuildFile; productRef = 1E11471C27E44A3900D6FD69 /* Alamofire */; };
		1E11472027E4501100D6FD69 /* NewsListPresenter.swift in Sources */ = {isa = PBXBuildFile; fileRef = 1E11471F27E4501100D6FD69 /* NewsListPresenter.swift */; };
/* End PBXBuildFile section */

/* Begin PBXContainerItemProxy section */
		1E1146FC27E449E200D6FD69 /* PBXContainerItemProxy */ = {
			isa = PBXContainerItemProxy;
			containerPortal = 1E1146DD27E449E000D6FD69 /* Project object */;
			proxyType = 1;
			remoteGlobalIDString = 1E1146E427E449E000D6FD69;
			remoteInfo = KeywordNews;
		};
		1E11470627E449E200D6FD69 /* PBXContainerItemProxy */ = {
			isa = PBXContainerItemProxy;
			containerPortal = 1E1146DD27E449E000D6FD69 /* Project object */;
			proxyType = 1;
			remoteGlobalIDString = 1E1146E427E449E000D6FD69;
			remoteInfo = KeywordNews;
		};
/* End PBXContainerItemProxy section */

/* Begin PBXFileReference section */
		1E1146E527E449E000D6FD69 /* KeywordNews.app */ = {isa = PBXFileReference; explicitFileType = wrapper.application; includeInIndex = 0; path = KeywordNews.app; sourceTree = BUILT_PRODUCTS_DIR; };
		1E1146E827E449E000D6FD69 /* AppDelegate.swift */ = {isa = PBXFileReference; lastKnownFileType = sourcecode.swift; path = AppDelegate.swift; sourceTree = "<group>"; };
		1E1146EA27E449E000D6FD69 /* SceneDelegate.swift */ = {isa = PBXFileReference; lastKnownFileType = sourcecode.swift; path = SceneDelegate.swift; sourceTree = "<group>"; };
		1E1146EC27E449E000D6FD69 /* NewsListViewController.swift */ = {isa = PBXFileReference; lastKnownFileType = sourcecode.swift; path = NewsListViewController.swift; sourceTree = "<group>"; };
		1E1146F127E449E200D6FD69 /* Assets.xcassets */ = {isa = PBXFileReference; lastKnownFileType = folder.assetcatalog; path = Assets.xcassets; sourceTree = "<group>"; };
		1E1146F427E449E200D6FD69 /* Base */ = {isa = PBXFileReference; lastKnownFileType = file.storyboard; name = Base; path = Base.lproj/LaunchScreen.storyboard; sourceTree = "<group>"; };
		1E1146F627E449E200D6FD69 /* Info.plist */ = {isa = PBXFileReference; lastKnownFileType = text.plist.xml; path = Info.plist; sourceTree = "<group>"; };
		1E1146FB27E449E200D6FD69 /* KeywordNewsTests.xctest */ = {isa = PBXFileReference; explicitFileType = wrapper.cfbundle; includeInIndex = 0; path = KeywordNewsTests.xctest; sourceTree = BUILT_PRODUCTS_DIR; };
		1E1146FF27E449E200D6FD69 /* KeywordNewsTests.swift */ = {isa = PBXFileReference; lastKnownFileType = sourcecode.swift; path = KeywordNewsTests.swift; sourceTree = "<group>"; };
		1E11470527E449E200D6FD69 /* KeywordNewsUITests.xctest */ = {isa = PBXFileReference; explicitFileType = wrapper.cfbundle; includeInIndex = 0; path = KeywordNewsUITests.xctest; sourceTree = BUILT_PRODUCTS_DIR; };
		1E11470927E449E200D6FD69 /* KeywordNewsUITests.swift */ = {isa = PBXFileReference; lastKnownFileType = sourcecode.swift; path = KeywordNewsUITests.swift; sourceTree = "<group>"; };
		1E11470B27E449E200D6FD69 /* KeywordNewsUITestsLaunchTests.swift */ = {isa = PBXFileReference; lastKnownFileType = sourcecode.swift; path = KeywordNewsUITestsLaunchTests.swift; sourceTree = "<group>"; };
		1E11471F27E4501100D6FD69 /* NewsListPresenter.swift */ = {isa = PBXFileReference; lastKnownFileType = sourcecode.swift; path = NewsListPresenter.swift; sourceTree = "<group>"; };
		1E11472327E4519B00D6FD69 /* .swiftlint.yml */ = {isa = PBXFileReference; lastKnownFileType = text.yaml; path = .swiftlint.yml; sourceTree = "<group>"; };
/* End PBXFileReference section */

/* Begin PBXFrameworksBuildPhase section */
		1E1146E227E449E000D6FD69 /* Frameworks */ = {
			isa = PBXFrameworksBuildPhase;
			buildActionMask = 2147483647;
			files = (
				1E11471A27E44A2C00D6FD69 /* SnapKit in Frameworks */,
				1E11471D27E44A3900D6FD69 /* Alamofire in Frameworks */,
			);
			runOnlyForDeploymentPostprocessing = 0;
		};
		1E1146F827E449E200D6FD69 /* Frameworks */ = {
			isa = PBXFrameworksBuildPhase;
			buildActionMask = 2147483647;
			files = (
			);
			runOnlyForDeploymentPostprocessing = 0;
		};
		1E11470227E449E200D6FD69 /* Frameworks */ = {
			isa = PBXFrameworksBuildPhase;
			buildActionMask = 2147483647;
			files = (
			);
			runOnlyForDeploymentPostprocessing = 0;
		};
/* End PBXFrameworksBuildPhase section */

/* Begin PBXGroup section */
		1E1146DC27E449E000D6FD69 = {
			isa = PBXGroup;
			children = (
				1E11472327E4519B00D6FD69 /* .swiftlint.yml */,
				1E1146E727E449E000D6FD69 /* KeywordNews */,
				1E1146FE27E449E200D6FD69 /* KeywordNewsTests */,
				1E11470827E449E200D6FD69 /* KeywordNewsUITests */,
				1E1146E627E449E000D6FD69 /* Products */,
			);
			sourceTree = "<group>";
		};
		1E1146E627E449E000D6FD69 /* Products */ = {
			isa = PBXGroup;
			children = (
				1E1146E527E449E000D6FD69 /* KeywordNews.app */,
				1E1146FB27E449E200D6FD69 /* KeywordNewsTests.xctest */,
				1E11470527E449E200D6FD69 /* KeywordNewsUITests.xctest */,
			);
			name = Products;
			sourceTree = "<group>";
		};
		1E1146E727E449E000D6FD69 /* KeywordNews */ = {
			isa = PBXGroup;
			children = (
				1E1146E827E449E000D6FD69 /* AppDelegate.swift */,
				1E1146EA27E449E000D6FD69 /* SceneDelegate.swift */,
				1E11471E27E44D6E00D6FD69 /* Scenes */,
				1E1146F127E449E200D6FD69 /* Assets.xcassets */,
				1E1146F327E449E200D6FD69 /* LaunchScreen.storyboard */,
				1E1146F627E449E200D6FD69 /* Info.plist */,
			);
			path = KeywordNews;
			sourceTree = "<group>";
		};
		1E1146FE27E449E200D6FD69 /* KeywordNewsTests */ = {
			isa = PBXGroup;
			children = (
				1E1146FF27E449E200D6FD69 /* KeywordNewsTests.swift */,
			);
			path = KeywordNewsTests;
			sourceTree = "<group>";
		};
		1E11470827E449E200D6FD69 /* KeywordNewsUITests */ = {
			isa = PBXGroup;
			children = (
				1E11470927E449E200D6FD69 /* KeywordNewsUITests.swift */,
				1E11470B27E449E200D6FD69 /* KeywordNewsUITestsLaunchTests.swift */,
			);
			path = KeywordNewsUITests;
			sourceTree = "<group>";
		};
		1E11471E27E44D6E00D6FD69 /* Scenes */ = {
			isa = PBXGroup;
			children = (
				1E11472127E4502D00D6FD69 /* NewsList */,
			);
			path = Scenes;
			sourceTree = "<group>";
		};
		1E11472127E4502D00D6FD69 /* NewsList */ = {
			isa = PBXGroup;
			children = (
				1E1146EC27E449E000D6FD69 /* NewsListViewController.swift */,
				1E11471F27E4501100D6FD69 /* NewsListPresenter.swift */,
			);
			path = NewsList;
			sourceTree = "<group>";
		};
/* End PBXGroup section */

/* Begin PBXNativeTarget section */
		1E1146E427E449E000D6FD69 /* KeywordNews */ = {
			isa = PBXNativeTarget;
			buildConfigurationList = 1E11470F27E449E200D6FD69 /* Build configuration list for PBXNativeTarget "KeywordNews" */;
			buildPhases = (
				1E1146E127E449E000D6FD69 /* Sources */,
				1E1146E227E449E000D6FD69 /* Frameworks */,
				1E1146E327E449E000D6FD69 /* Resources */,
				1E11472227E4512E00D6FD69 /* SwiftLint */,
			);
			buildRules = (
			);
			dependencies = (
			);
			name = KeywordNews;
			packageProductDependencies = (
				1E11471927E44A2C00D6FD69 /* SnapKit */,
				1E11471C27E44A3900D6FD69 /* Alamofire */,
			);
			productName = KeywordNews;
			productReference = 1E1146E527E449E000D6FD69 /* KeywordNews.app */;
			productType = "com.apple.product-type.application";
		};
		1E1146FA27E449E200D6FD69 /* KeywordNewsTests */ = {
			isa = PBXNativeTarget;
			buildConfigurationList = 1E11471227E449E200D6FD69 /* Build configuration list for PBXNativeTarget "KeywordNewsTests" */;
			buildPhases = (
				1E1146F727E449E200D6FD69 /* Sources */,
				1E1146F827E449E200D6FD69 /* Frameworks */,
				1E1146F927E449E200D6FD69 /* Resources */,
			);
			buildRules = (
			);
			dependencies = (
				1E1146FD27E449E200D6FD69 /* PBXTargetDependency */,
			);
			name = KeywordNewsTests;
			productName = KeywordNewsTests;
			productReference = 1E1146FB27E449E200D6FD69 /* KeywordNewsTests.xctest */;
			productType = "com.apple.product-type.bundle.unit-test";
		};
		1E11470427E449E200D6FD69 /* KeywordNewsUITests */ = {
			isa = PBXNativeTarget;
			buildConfigurationList = 1E11471527E449E200D6FD69 /* Build configuration list for PBXNativeTarget "KeywordNewsUITests" */;
			buildPhases = (
				1E11470127E449E200D6FD69 /* Sources */,
				1E11470227E449E200D6FD69 /* Frameworks */,
				1E11470327E449E200D6FD69 /* Resources */,
			);
			buildRules = (
			);
			dependencies = (
				1E11470727E449E200D6FD69 /* PBXTargetDependency */,
			);
			name = KeywordNewsUITests;
			productName = KeywordNewsUITests;
			productReference = 1E11470527E449E200D6FD69 /* KeywordNewsUITests.xctest */;
			productType = "com.apple.product-type.bundle.ui-testing";
		};
/* End PBXNativeTarget section */

/* Begin PBXProject section */
		1E1146DD27E449E000D6FD69 /* Project object */ = {
			isa = PBXProject;
			attributes = {
				BuildIndependentTargetsInParallel = 1;
				LastSwiftUpdateCheck = 1320;
				LastUpgradeCheck = 1320;
				TargetAttributes = {
					1E1146E427E449E000D6FD69 = {
						CreatedOnToolsVersion = 13.2.1;
					};
					1E1146FA27E449E200D6FD69 = {
						CreatedOnToolsVersion = 13.2.1;
						TestTargetID = 1E1146E427E449E000D6FD69;
					};
					1E11470427E449E200D6FD69 = {
						CreatedOnToolsVersion = 13.2.1;
						TestTargetID = 1E1146E427E449E000D6FD69;
					};
				};
			};
			buildConfigurationList = 1E1146E027E449E000D6FD69 /* Build configuration list for PBXProject "KeywordNews" */;
			compatibilityVersion = "Xcode 13.0";
			developmentRegion = en;
			hasScannedForEncodings = 0;
			knownRegions = (
				en,
				Base,
			);
			mainGroup = 1E1146DC27E449E000D6FD69;
			packageReferences = (
				1E11471827E44A2C00D6FD69 /* XCRemoteSwiftPackageReference "SnapKit" */,
				1E11471B27E44A3900D6FD69 /* XCRemoteSwiftPackageReference "Alamofire" */,
			);
			productRefGroup = 1E1146E627E449E000D6FD69 /* Products */;
			projectDirPath = "";
			projectRoot = "";
			targets = (
				1E1146E427E449E000D6FD69 /* KeywordNews */,
				1E1146FA27E449E200D6FD69 /* KeywordNewsTests */,
				1E11470427E449E200D6FD69 /* KeywordNewsUITests */,
			);
		};
/* End PBXProject section */

/* Begin PBXResourcesBuildPhase section */
		1E1146E327E449E000D6FD69 /* Resources */ = {
			isa = PBXResourcesBuildPhase;
			buildActionMask = 2147483647;
			files = (
				1E1146F527E449E200D6FD69 /* LaunchScreen.storyboard in Resources */,
				1E1146F227E449E200D6FD69 /* Assets.xcassets in Resources */,
			);
			runOnlyForDeploymentPostprocessing = 0;
		};
		1E1146F927E449E200D6FD69 /* Resources */ = {
			isa = PBXResourcesBuildPhase;
			buildActionMask = 2147483647;
			files = (
			);
			runOnlyForDeploymentPostprocessing = 0;
		};
		1E11470327E449E200D6FD69 /* Resources */ = {
			isa = PBXResourcesBuildPhase;
			buildActionMask = 2147483647;
			files = (
			);
			runOnlyForDeploymentPostprocessing = 0;
		};
/* End PBXResourcesBuildPhase section */

/* Begin PBXShellScriptBuildPhase section */
		1E11472227E4512E00D6FD69 /* SwiftLint */ = {
			isa = PBXShellScriptBuildPhase;
			buildActionMask = 2147483647;
			files = (
			);
			inputFileListPaths = (
			);
			inputPaths = (
			);
			name = SwiftLint;
			outputFileListPaths = (
			);
			outputPaths = (
			);
			runOnlyForDeploymentPostprocessing = 0;
			shellPath = /bin/sh;
			shellScript = "export PATH=\"$PATH:/opt/homebrew/bin\"\nif which swiftlint >/dev/null; then\n  swiftlint\nelse\n  echo \"warning: SwiftLint not installed, download from https://github.com/realm/SwiftLint\"\nfi\n";
		};
/* End PBXShellScriptBuildPhase section */

/* Begin PBXSourcesBuildPhase section */
		1E1146E127E449E000D6FD69 /* Sources */ = {
			isa = PBXSourcesBuildPhase;
			buildActionMask = 2147483647;
			files = (
				1E1146ED27E449E000D6FD69 /* NewsListViewController.swift in Sources */,
				1E1146E927E449E000D6FD69 /* AppDelegate.swift in Sources */,
				1E1146EB27E449E000D6FD69 /* SceneDelegate.swift in Sources */,
				1E11472027E4501100D6FD69 /* NewsListPresenter.swift in Sources */,
			);
			runOnlyForDeploymentPostprocessing = 0;
		};
		1E1146F727E449E200D6FD69 /* Sources */ = {
			isa = PBXSourcesBuildPhase;
			buildActionMask = 2147483647;
			files = (
				1E11470027E449E200D6FD69 /* KeywordNewsTests.swift in Sources */,
			);
			runOnlyForDeploymentPostprocessing = 0;
		};
		1E11470127E449E200D6FD69 /* Sources */ = {
			isa = PBXSourcesBuildPhase;
			buildActionMask = 2147483647;
			files = (
				1E11470A27E449E200D6FD69 /* KeywordNewsUITests.swift in Sources */,
				1E11470C27E449E200D6FD69 /* KeywordNewsUITestsLaunchTests.swift in Sources */,
			);
			runOnlyForDeploymentPostprocessing = 0;
		};
/* End PBXSourcesBuildPhase section */

/* Begin PBXTargetDependency section */
		1E1146FD27E449E200D6FD69 /* PBXTargetDependency */ = {
			isa = PBXTargetDependency;
			target = 1E1146E427E449E000D6FD69 /* KeywordNews */;
			targetProxy = 1E1146FC27E449E200D6FD69 /* PBXContainerItemProxy */;
		};
		1E11470727E449E200D6FD69 /* PBXTargetDependency */ = {
			isa = PBXTargetDependency;
			target = 1E1146E427E449E000D6FD69 /* KeywordNews */;
			targetProxy = 1E11470627E449E200D6FD69 /* PBXContainerItemProxy */;
		};
/* End PBXTargetDependency section */

/* Begin PBXVariantGroup section */
		1E1146F327E449E200D6FD69 /* LaunchScreen.storyboard */ = {
			isa = PBXVariantGroup;
			children = (
				1E1146F427E449E200D6FD69 /* Base */,
			);
			name = LaunchScreen.storyboard;
			sourceTree = "<group>";
		};
/* End PBXVariantGroup section */

/* Begin XCBuildConfiguration section */
		1E11470D27E449E200D6FD69 /* Debug */ = {
			isa = XCBuildConfiguration;
			buildSettings = {
				ALWAYS_SEARCH_USER_PATHS = NO;
				CLANG_ANALYZER_NONNULL = YES;
				CLANG_ANALYZER_NUMBER_OBJECT_CONVERSION = YES_AGGRESSIVE;
				CLANG_CXX_LANGUAGE_STANDARD = "gnu++17";
				CLANG_CXX_LIBRARY = "libc++";
				CLANG_ENABLE_MODULES = YES;
				CLANG_ENABLE_OBJC_ARC = YES;
				CLANG_ENABLE_OBJC_WEAK = YES;
				CLANG_WARN_BLOCK_CAPTURE_AUTORELEASING = YES;
				CLANG_WARN_BOOL_CONVERSION = YES;
				CLANG_WARN_COMMA = YES;
				CLANG_WARN_CONSTANT_CONVERSION = YES;
				CLANG_WARN_DEPRECATED_OBJC_IMPLEMENTATIONS = YES;
				CLANG_WARN_DIRECT_OBJC_ISA_USAGE = YES_ERROR;
				CLANG_WARN_DOCUMENTATION_COMMENTS = YES;
				CLANG_WARN_EMPTY_BODY = YES;
				CLANG_WARN_ENUM_CONVERSION = YES;
				CLANG_WARN_INFINITE_RECURSION = YES;
				CLANG_WARN_INT_CONVERSION = YES;
				CLANG_WARN_NON_LITERAL_NULL_CONVERSION = YES;
				CLANG_WARN_OBJC_IMPLICIT_RETAIN_SELF = YES;
				CLANG_WARN_OBJC_LITERAL_CONVERSION = YES;
				CLANG_WARN_OBJC_ROOT_CLASS = YES_ERROR;
				CLANG_WARN_QUOTED_INCLUDE_IN_FRAMEWORK_HEADER = YES;
				CLANG_WARN_RANGE_LOOP_ANALYSIS = YES;
				CLANG_WARN_STRICT_PROTOTYPES = YES;
				CLANG_WARN_SUSPICIOUS_MOVE = YES;
				CLANG_WARN_UNGUARDED_AVAILABILITY = YES_AGGRESSIVE;
				CLANG_WARN_UNREACHABLE_CODE = YES;
				CLANG_WARN__DUPLICATE_METHOD_MATCH = YES;
				COPY_PHASE_STRIP = NO;
				DEBUG_INFORMATION_FORMAT = dwarf;
				ENABLE_STRICT_OBJC_MSGSEND = YES;
				ENABLE_TESTABILITY = YES;
				GCC_C_LANGUAGE_STANDARD = gnu11;
				GCC_DYNAMIC_NO_PIC = NO;
				GCC_NO_COMMON_BLOCKS = YES;
				GCC_OPTIMIZATION_LEVEL = 0;
				GCC_PREPROCESSOR_DEFINITIONS = (
					"DEBUG=1",
					"$(inherited)",
				);
				GCC_WARN_64_TO_32_BIT_CONVERSION = YES;
				GCC_WARN_ABOUT_RETURN_TYPE = YES_ERROR;
				GCC_WARN_UNDECLARED_SELECTOR = YES;
				GCC_WARN_UNINITIALIZED_AUTOS = YES_AGGRESSIVE;
				GCC_WARN_UNUSED_FUNCTION = YES;
				GCC_WARN_UNUSED_VARIABLE = YES;
				IPHONEOS_DEPLOYMENT_TARGET = 15.2;
				MTL_ENABLE_DEBUG_INFO = INCLUDE_SOURCE;
				MTL_FAST_MATH = YES;
				ONLY_ACTIVE_ARCH = YES;
				SDKROOT = iphoneos;
				SWIFT_ACTIVE_COMPILATION_CONDITIONS = DEBUG;
				SWIFT_OPTIMIZATION_LEVEL = "-Onone";
			};
			name = Debug;
		};
		1E11470E27E449E200D6FD69 /* Release */ = {
			isa = XCBuildConfiguration;
			buildSettings = {
				ALWAYS_SEARCH_USER_PATHS = NO;
				CLANG_ANALYZER_NONNULL = YES;
				CLANG_ANALYZER_NUMBER_OBJECT_CONVERSION = YES_AGGRESSIVE;
				CLANG_CXX_LANGUAGE_STANDARD = "gnu++17";
				CLANG_CXX_LIBRARY = "libc++";
				CLANG_ENABLE_MODULES = YES;
				CLANG_ENABLE_OBJC_ARC = YES;
				CLANG_ENABLE_OBJC_WEAK = YES;
				CLANG_WARN_BLOCK_CAPTURE_AUTORELEASING = YES;
				CLANG_WARN_BOOL_CONVERSION = YES;
				CLANG_WARN_COMMA = YES;
				CLANG_WARN_CONSTANT_CONVERSION = YES;
				CLANG_WARN_DEPRECATED_OBJC_IMPLEMENTATIONS = YES;
				CLANG_WARN_DIRECT_OBJC_ISA_USAGE = YES_ERROR;
				CLANG_WARN_DOCUMENTATION_COMMENTS = YES;
				CLANG_WARN_EMPTY_BODY = YES;
				CLANG_WARN_ENUM_CONVERSION = YES;
				CLANG_WARN_INFINITE_RECURSION = YES;
				CLANG_WARN_INT_CONVERSION = YES;
				CLANG_WARN_NON_LITERAL_NULL_CONVERSION = YES;
				CLANG_WARN_OBJC_IMPLICIT_RETAIN_SELF = YES;
				CLANG_WARN_OBJC_LITERAL_CONVERSION = YES;
				CLANG_WARN_OBJC_ROOT_CLASS = YES_ERROR;
				CLANG_WARN_QUOTED_INCLUDE_IN_FRAMEWORK_HEADER = YES;
				CLANG_WARN_RANGE_LOOP_ANALYSIS = YES;
				CLANG_WARN_STRICT_PROTOTYPES = YES;
				CLANG_WARN_SUSPICIOUS_MOVE = YES;
				CLANG_WARN_UNGUARDED_AVAILABILITY = YES_AGGRESSIVE;
				CLANG_WARN_UNREACHABLE_CODE = YES;
				CLANG_WARN__DUPLICATE_METHOD_MATCH = YES;
				COPY_PHASE_STRIP = NO;
				DEBUG_INFORMATION_FORMAT = "dwarf-with-dsym";
				ENABLE_NS_ASSERTIONS = NO;
				ENABLE_STRICT_OBJC_MSGSEND = YES;
				GCC_C_LANGUAGE_STANDARD = gnu11;
				GCC_NO_COMMON_BLOCKS = YES;
				GCC_WARN_64_TO_32_BIT_CONVERSION = YES;
				GCC_WARN_ABOUT_RETURN_TYPE = YES_ERROR;
				GCC_WARN_UNDECLARED_SELECTOR = YES;
				GCC_WARN_UNINITIALIZED_AUTOS = YES_AGGRESSIVE;
				GCC_WARN_UNUSED_FUNCTION = YES;
				GCC_WARN_UNUSED_VARIABLE = YES;
				IPHONEOS_DEPLOYMENT_TARGET = 15.2;
				MTL_ENABLE_DEBUG_INFO = NO;
				MTL_FAST_MATH = YES;
				SDKROOT = iphoneos;
				SWIFT_COMPILATION_MODE = wholemodule;
				SWIFT_OPTIMIZATION_LEVEL = "-O";
				VALIDATE_PRODUCT = YES;
			};
			name = Release;
		};
		1E11471027E449E200D6FD69 /* Debug */ = {
			isa = XCBuildConfiguration;
			buildSettings = {
				ASSETCATALOG_COMPILER_APPICON_NAME = AppIcon;
				ASSETCATALOG_COMPILER_GLOBAL_ACCENT_COLOR_NAME = AccentColor;
				CODE_SIGN_STYLE = Automatic;
				CURRENT_PROJECT_VERSION = 1;
				DEVELOPMENT_TEAM = 4FTFKXF8N5;
				GENERATE_INFOPLIST_FILE = YES;
				INFOPLIST_FILE = KeywordNews/Info.plist;
				INFOPLIST_KEY_UIApplicationSupportsIndirectInputEvents = YES;
				INFOPLIST_KEY_UILaunchStoryboardName = LaunchScreen;
				INFOPLIST_KEY_UIMainStoryboardFile = LaunchScreen;
				INFOPLIST_KEY_UISupportedInterfaceOrientations_iPad = "UIInterfaceOrientationPortrait UIInterfaceOrientationPortraitUpsideDown UIInterfaceOrientationLandscapeLeft UIInterfaceOrientationLandscapeRight";
				INFOPLIST_KEY_UISupportedInterfaceOrientations_iPhone = "UIInterfaceOrientationPortrait UIInterfaceOrientationLandscapeLeft UIInterfaceOrientationLandscapeRight";
				IPHONEOS_DEPLOYMENT_TARGET = 14.1;
				LD_RUNPATH_SEARCH_PATHS = (
					"$(inherited)",
					"@executable_path/Frameworks",
				);
				MARKETING_VERSION = 1.0;
				PRODUCT_BUNDLE_IDENTIFIER = com.jeongminkim.KeywordNews;
				PRODUCT_NAME = "$(TARGET_NAME)";
				SWIFT_EMIT_LOC_STRINGS = YES;
				SWIFT_VERSION = 5.0;
				TARGETED_DEVICE_FAMILY = "1,2";
			};
			name = Debug;
		};
		1E11471127E449E200D6FD69 /* Release */ = {
			isa = XCBuildConfiguration;
			buildSettings = {
				ASSETCATALOG_COMPILER_APPICON_NAME = AppIcon;
				ASSETCATALOG_COMPILER_GLOBAL_ACCENT_COLOR_NAME = AccentColor;
				CODE_SIGN_STYLE = Automatic;
				CURRENT_PROJECT_VERSION = 1;
				DEVELOPMENT_TEAM = 4FTFKXF8N5;
				GENERATE_INFOPLIST_FILE = YES;
				INFOPLIST_FILE = KeywordNews/Info.plist;
				INFOPLIST_KEY_UIApplicationSupportsIndirectInputEvents = YES;
				INFOPLIST_KEY_UILaunchStoryboardName = LaunchScreen;
				INFOPLIST_KEY_UIMainStoryboardFile = LaunchScreen;
				INFOPLIST_KEY_UISupportedInterfaceOrientations_iPad = "UIInterfaceOrientationPortrait UIInterfaceOrientationPortraitUpsideDown UIInterfaceOrientationLandscapeLeft UIInterfaceOrientationLandscapeRight";
				INFOPLIST_KEY_UISupportedInterfaceOrientations_iPhone = "UIInterfaceOrientationPortrait UIInterfaceOrientationLandscapeLeft UIInterfaceOrientationLandscapeRight";
				IPHONEOS_DEPLOYMENT_TARGET = 14.1;
				LD_RUNPATH_SEARCH_PATHS = (
					"$(inherited)",
					"@executable_path/Frameworks",
				);
				MARKETING_VERSION = 1.0;
				PRODUCT_BUNDLE_IDENTIFIER = com.jeongminkim.KeywordNews;
				PRODUCT_NAME = "$(TARGET_NAME)";
				SWIFT_EMIT_LOC_STRINGS = YES;
				SWIFT_VERSION = 5.0;
				TARGETED_DEVICE_FAMILY = "1,2";
			};
			name = Release;
		};
		1E11471327E449E200D6FD69 /* Debug */ = {
			isa = XCBuildConfiguration;
			buildSettings = {
				ALWAYS_EMBED_SWIFT_STANDARD_LIBRARIES = YES;
				BUNDLE_LOADER = "$(TEST_HOST)";
				CODE_SIGN_STYLE = Automatic;
				CURRENT_PROJECT_VERSION = 1;
				DEVELOPMENT_TEAM = 4FTFKXF8N5;
				GENERATE_INFOPLIST_FILE = YES;
				IPHONEOS_DEPLOYMENT_TARGET = 15.2;
				MARKETING_VERSION = 1.0;
				PRODUCT_BUNDLE_IDENTIFIER = com.jeongminkim.KeywordNewsTests;
				PRODUCT_NAME = "$(TARGET_NAME)";
				SWIFT_EMIT_LOC_STRINGS = NO;
				SWIFT_VERSION = 5.0;
				TARGETED_DEVICE_FAMILY = "1,2";
				TEST_HOST = "$(BUILT_PRODUCTS_DIR)/KeywordNews.app/KeywordNews";
			};
			name = Debug;
		};
		1E11471427E449E200D6FD69 /* Release */ = {
			isa = XCBuildConfiguration;
			buildSettings = {
				ALWAYS_EMBED_SWIFT_STANDARD_LIBRARIES = YES;
				BUNDLE_LOADER = "$(TEST_HOST)";
				CODE_SIGN_STYLE = Automatic;
				CURRENT_PROJECT_VERSION = 1;
				DEVELOPMENT_TEAM = 4FTFKXF8N5;
				GENERATE_INFOPLIST_FILE = YES;
				IPHONEOS_DEPLOYMENT_TARGET = 15.2;
				MARKETING_VERSION = 1.0;
				PRODUCT_BUNDLE_IDENTIFIER = com.jeongminkim.KeywordNewsTests;
				PRODUCT_NAME = "$(TARGET_NAME)";
				SWIFT_EMIT_LOC_STRINGS = NO;
				SWIFT_VERSION = 5.0;
				TARGETED_DEVICE_FAMILY = "1,2";
				TEST_HOST = "$(BUILT_PRODUCTS_DIR)/KeywordNews.app/KeywordNews";
			};
			name = Release;
		};
		1E11471627E449E200D6FD69 /* Debug */ = {
			isa = XCBuildConfiguration;
			buildSettings = {
				ALWAYS_EMBED_SWIFT_STANDARD_LIBRARIES = YES;
				CODE_SIGN_STYLE = Automatic;
				CURRENT_PROJECT_VERSION = 1;
				DEVELOPMENT_TEAM = 4FTFKXF8N5;
				GENERATE_INFOPLIST_FILE = YES;
				MARKETING_VERSION = 1.0;
				PRODUCT_BUNDLE_IDENTIFIER = com.jeongminkim.KeywordNewsUITests;
				PRODUCT_NAME = "$(TARGET_NAME)";
				SWIFT_EMIT_LOC_STRINGS = NO;
				SWIFT_VERSION = 5.0;
				TARGETED_DEVICE_FAMILY = "1,2";
				TEST_TARGET_NAME = KeywordNews;
			};
			name = Debug;
		};
		1E11471727E449E200D6FD69 /* Release */ = {
			isa = XCBuildConfiguration;
			buildSettings = {
				ALWAYS_EMBED_SWIFT_STANDARD_LIBRARIES = YES;
				CODE_SIGN_STYLE = Automatic;
				CURRENT_PROJECT_VERSION = 1;
				DEVELOPMENT_TEAM = 4FTFKXF8N5;
				GENERATE_INFOPLIST_FILE = YES;
				MARKETING_VERSION = 1.0;
				PRODUCT_BUNDLE_IDENTIFIER = com.jeongminkim.KeywordNewsUITests;
				PRODUCT_NAME = "$(TARGET_NAME)";
				SWIFT_EMIT_LOC_STRINGS = NO;
				SWIFT_VERSION = 5.0;
				TARGETED_DEVICE_FAMILY = "1,2";
				TEST_TARGET_NAME = KeywordNews;
			};
			name = Release;
		};
/* End XCBuildConfiguration section */

/* Begin XCConfigurationList section */
		1E1146E027E449E000D6FD69 /* Build configuration list for PBXProject "KeywordNews" */ = {
			isa = XCConfigurationList;
			buildConfigurations = (
				1E11470D27E449E200D6FD69 /* Debug */,
				1E11470E27E449E200D6FD69 /* Release */,
			);
			defaultConfigurationIsVisible = 0;
			defaultConfigurationName = Release;
		};
		1E11470F27E449E200D6FD69 /* Build configuration list for PBXNativeTarget "KeywordNews" */ = {
			isa = XCConfigurationList;
			buildConfigurations = (
				1E11471027E449E200D6FD69 /* Debug */,
				1E11471127E449E200D6FD69 /* Release */,
			);
			defaultConfigurationIsVisible = 0;
			defaultConfigurationName = Release;
		};
		1E11471227E449E200D6FD69 /* Build configuration list for PBXNativeTarget "KeywordNewsTests" */ = {
			isa = XCConfigurationList;
			buildConfigurations = (
				1E11471327E449E200D6FD69 /* Debug */,
				1E11471427E449E200D6FD69 /* Release */,
			);
			defaultConfigurationIsVisible = 0;
			defaultConfigurationName = Release;
		};
		1E11471527E449E200D6FD69 /* Build configuration list for PBXNativeTarget "KeywordNewsUITests" */ = {
			isa = XCConfigurationList;
			buildConfigurations = (
				1E11471627E449E200D6FD69 /* Debug */,
				1E11471727E449E200D6FD69 /* Release */,
			);
			defaultConfigurationIsVisible = 0;
			defaultConfigurationName = Release;
		};
/* End XCConfigurationList section */

/* Begin XCRemoteSwiftPackageReference section */
		1E11471827E44A2C00D6FD69 /* XCRemoteSwiftPackageReference "SnapKit" */ = {
			isa = XCRemoteSwiftPackageReference;
			repositoryURL = "https://github.com/SnapKit/SnapKit.git";
			requirement = {
				branch = develop;
				kind = branch;
			};
		};
		1E11471B27E44A3900D6FD69 /* XCRemoteSwiftPackageReference "Alamofire" */ = {
			isa = XCRemoteSwiftPackageReference;
			repositoryURL = "https://github.com/Alamofire/Alamofire.git";
			requirement = {
				kind = upToNextMajorVersion;
				minimumVersion = 5.0.0;
			};
		};
/* End XCRemoteSwiftPackageReference section */

/* Begin XCSwiftPackageProductDependency section */
		1E11471927E44A2C00D6FD69 /* SnapKit */ = {
			isa = XCSwiftPackageProductDependency;
			package = 1E11471827E44A2C00D6FD69 /* XCRemoteSwiftPackageReference "SnapKit" */;
			productName = SnapKit;
		};
		1E11471C27E44A3900D6FD69 /* Alamofire */ = {
			isa = XCSwiftPackageProductDependency;
			package = 1E11471B27E44A3900D6FD69 /* XCRemoteSwiftPackageReference "Alamofire" */;
			productName = Alamofire;
		};
/* End XCSwiftPackageProductDependency section */
	};
	rootObject = 1E1146DD27E449E000D6FD69 /* Project object */;
}
